
Microsoft Visual Studio Solution File, Format Version 12.00
# Visual Studio Version 17
VisualStudioVersion = 17.14.36202.13
MinimumVisualStudioVersion = 10.0.40219.1
Project("{8BC9CEB8-8B4A-11D0-8D11-00A0C91BC942}") = "Day1", "Day1\Day1.vcxproj", "{52320C6C-EF9D-4AA6-8EA5-DD98C0FC83A5}"
EndProject
Project("{8BC9CEB8-8B4A-11D0-8D11-00A0C91BC942}") = "Day2", "Day2\Day2.vcxproj", "{7CE7F11F-31AF-4FC5-AA4B-F0E4B75736F9}"
EndProject
Project("{8BC9CEB8-8B4A-11D0-8D11-00A0C91BC942}") = "Day3", "Day3\Day3.vcxproj", "{E19F5A1B-19DF-461F-8BB9-AC6ADC512BBD}"
EndProject
Project("{8BC9CEB8-8B4A-11D0-8D11-00A0C91BC942}") = "Day4", "Day4\Day4.vcxproj", "{C3362A97-3435-421F-9653-BC7789BCCE76}"
EndProject
Global
	GlobalSection(SolutionConfigurationPlatforms) = preSolution
		Debug|x64 = Debug|x64
		Debug|x86 = Debug|x86
		Release|x64 = Release|x64
		Release|x86 = Release|x86
	EndGlobalSection
	GlobalSection(ProjectConfigurationPlatforms) = postSolution
		{52320C6C-EF9D-4AA6-8EA5-DD98C0FC83A5}.Debug|x64.ActiveCfg = Debug|x64
		{52320C6C-EF9D-4AA6-8EA5-DD98C0FC83A5}.Debug|x64.Build.0 = Debug|x64
		{52320C6C-EF9D-4AA6-8EA5-DD98C0FC83A5}.Debug|x86.ActiveCfg = Debug|Win32
		{52320C6C-EF9D-4AA6-8EA5-DD98C0FC83A5}.Debug|x86.Build.0 = Debug|Win32
		{52320C6C-EF9D-4AA6-8EA5-DD98C0FC83A5}.Release|x64.ActiveCfg = Release|x64
		{52320C6C-EF9D-4AA6-8EA5-DD98C0FC83A5}.Release|x64.Build.0 = Release|x64
		{52320C6C-EF9D-4AA6-8EA5-DD98C0FC83A5}.Release|x86.ActiveCfg = Release|Win32
		{52320C6C-EF9D-4AA6-8EA5-DD98C0FC83A5}.Release|x86.Build.0 = Release|Win32
		{7CE7F11F-31AF-4FC5-AA4B-F0E4B75736F9}.Debug|x64.ActiveCfg = Debug|x64
		{7CE7F11F-31AF-4FC5-AA4B-F0E4B75736F9}.Debug|x64.Build.0 = Debug|x64
		{7CE7F11F-31AF-4FC5-AA4B-F0E4B75736F9}.Debug|x86.ActiveCfg = Debug|Win32
		{7CE7F11F-31AF-4FC5-AA4B-F0E4B75736F9}.Debug|x86.Build.0 = Debug|Win32
		{7CE7F11F-31AF-4FC5-AA4B-F0E4B75736F9}.Release|x64.ActiveCfg = Release|x64
		{7CE7F11F-31AF-4FC5-AA4B-F0E4B75736F9}.Release|x64.Build.0 = Release|x64
		{7CE7F11F-31AF-4FC5-AA4B-F0E4B75736F9}.Release|x86.ActiveCfg = Release|Win32
		{7CE7F11F-31AF-4FC5-AA4B-F0E4B75736F9}.Release|x86.Build.0 = Release|Win32
		{E19F5A1B-19DF-461F-8BB9-AC6ADC512BBD}.Debug|x64.ActiveCfg = Debug|x64
		{E19F5A1B-19DF-461F-8BB9-AC6ADC512BBD}.Debug|x64.Build.0 = Debug|x64
		{E19F5A1B-19DF-461F-8BB9-AC6ADC512BBD}.Debug|x86.ActiveCfg = Debug|Win32
		{E19F5A1B-19DF-461F-8BB9-AC6ADC512BBD}.Debug|x86.Build.0 = Debug|Win32
		{E19F5A1B-19DF-461F-8BB9-AC6ADC512BBD}.Release|x64.ActiveCfg = Release|x64
		{E19F5A1B-19DF-461F-8BB9-AC6ADC512BBD}.Release|x64.Build.0 = Release|x64
		{E19F5A1B-19DF-461F-8BB9-AC6ADC512BBD}.Release|x86.ActiveCfg = Release|Win32
		{E19F5A1B-19DF-461F-8BB9-AC6ADC512BBD}.Release|x86.Build.0 = Release|Win32
		{C3362A97-3435-421F-9653-BC7789BCCE76}.Debug|x64.ActiveCfg = Debug|x64
		{C3362A97-3435-421F-9653-BC7789BCCE76}.Debug|x64.Build.0 = Debug|x64
		{C3362A97-3435-421F-9653-BC7789BCCE76}.Debug|x86.ActiveCfg = Debug|Win32
		{C3362A97-3435-421F-9653-BC7789BCCE76}.Debug|x86.Build.0 = Debug|Win32
		{C3362A97-3435-421F-9653-BC7789BCCE76}.Release|x64.ActiveCfg = Release|x64
		{C3362A97-3435-421F-9653-BC7789BCCE76}.Release|x64.Build.0 = Release|x64
		{C3362A97-3435-421F-9653-BC7789BCCE76}.Release|x86.ActiveCfg = Release|Win32
		{C3362A97-3435-421F-9653-BC7789BCCE76}.Release|x86.Build.0 = Release|Win32
	EndGlobalSection
	GlobalSection(SolutionProperties) = preSolution
		HideSolutionNode = FALSE
	EndGlobalSection
	GlobalSection(ExtensibilityGlobals) = postSolution
		SolutionGuid = {285D8BA6-7C75-4BFF-9AD0-BFABADCBCB97}
	EndGlobalSection
EndGlobal
